
Microsoft Visual Studio Solution File, Format Version 12.00
# Visual Studio Version 17
VisualStudioVersion = 17.11.35222.181
MinimumVisualStudioVersion = 10.0.40219.1
Project("{FAE04EC0-301F-11D3-BF4B-00C04F79EFBC}") = "AppManager", "AppManager\AppManager.csproj", "{0564548F-B2A0-420C-9DB0-9F824F8451BE}"
EndProject
Global
	GlobalSection(SolutionConfigurationPlatforms) = preSolution
		Debug|Any CPU = Debug|Any CPU
		Release|Any CPU = Release|Any CPU
	EndGlobalSection
	GlobalSection(ProjectConfigurationPlatforms) = postSolution
		{0564548F-B2A0-420C-9DB0-9F824F8451BE}.Debug|Any CPU.ActiveCfg = Debug|Any CPU
		{0564548F-B2A0-420C-9DB0-9F824F8451BE}.Debug|Any CPU.Build.0 = Debug|Any CPU
		{0564548F-B2A0-420C-9DB0-9F824F8451BE}.Release|Any CPU.ActiveCfg = Release|Any CPU
		{0564548F-B2A0-420C-9DB0-9F824F8451BE}.Release|Any CPU.Build.0 = Release|Any CPU
	EndGlobalSection
	GlobalSection(SolutionProperties) = preSolution
		HideSolutionNode = FALSE
	EndGlobalSection
	GlobalSection(ExtensibilityGlobals) = postSolution
		SolutionGuid = {82372D6F-1C48-4D57-8DFF-5C33E7E5FE13}
	EndGlobalSection
EndGlobal
